# This file is autogenerated, do not edit; changes may be undone by the next 'dep ensure'.


[[projects]]
  branch = "master"
  name = "github.com/eclesh/welford"
  packages = ["."]
  revision = "eec62615b1f04b418b1627c6627e21301f47532d"

[[projects]]
  branch = "master"
  name = "github.com/golang/glog"
  packages = ["."]
  revision = "23def4e6c14b4da8ac2ed8007337bc5eb5007998"

[[projects]]
  branch = "master"
  name = "github.com/mattrco/anode.exp"
  packages = [
    "analyze",
    "data",
    "input",
    "output"
  ]
  revision = "0a0ebce91c13cb0577165ec70c9490809b8824fd"

[solve-meta]
  analyzer-name = "dep"
  analyzer-version = 1
  inputs-digest = "64d5c4feaa593e71773031338693fecfb35eda76d034c8b3fab7fc259712140c"
  solver-name = "gps-cdcl"
  solver-version = 1
